
Microsoft Visual Studio Solution File, Format Version 12.00
# Visual Studio Version 16
VisualStudioVersion = 16.0.29102.190
MinimumVisualStudioVersion = 10.0.40219.1
Project("{FAE04EC0-301F-11D3-BF4B-00C04F79EFBC}") = "Employee_Details", "Employee_Details\Employee_Details.csproj", "{9D1D3F9A-1212-45A2-9AD6-976DDC578FC4}"
EndProject
Global
	GlobalSection(SolutionConfigurationPlatforms) = preSolution
		Debug|Any CPU = Debug|Any CPU
		Release|Any CPU = Release|Any CPU
	EndGlobalSection
	GlobalSection(ProjectConfigurationPlatforms) = postSolution
		{9D1D3F9A-1212-45A2-9AD6-976DDC578FC4}.Debug|Any CPU.ActiveCfg = Debug|Any CPU
		{9D1D3F9A-1212-45A2-9AD6-976DDC578FC4}.Debug|Any CPU.Build.0 = Debug|Any CPU
		{9D1D3F9A-1212-45A2-9AD6-976DDC578FC4}.Release|Any CPU.ActiveCfg = Release|Any CPU
		{9D1D3F9A-1212-45A2-9AD6-976DDC578FC4}.Release|Any CPU.Build.0 = Release|Any CPU
	EndGlobalSection
	GlobalSection(SolutionProperties) = preSolution
		HideSolutionNode = FALSE
	EndGlobalSection
	GlobalSection(ExtensibilityGlobals) = postSolution
		SolutionGuid = {5CBEC577-BBA8-43D9-8922-A09D720F1D38}
	EndGlobalSection
EndGlobal
