
Microsoft Visual Studio Solution File, Format Version 12.00
# Visual Studio Version 16
VisualStudioVersion = 16.0.29102.190
MinimumVisualStudioVersion = 10.0.40219.1
Project("{FAE04EC0-301F-11D3-BF4B-00C04F79EFBC}") = "SeleniumDropdown", "SeleniumDropdown\SeleniumDropdown.csproj", "{FBD9A158-6813-4F7D-86CA-2E60347F8AF2}"
EndProject
Global
	GlobalSection(SolutionConfigurationPlatforms) = preSolution
		Debug|Any CPU = Debug|Any CPU
		Release|Any CPU = Release|Any CPU
	EndGlobalSection
	GlobalSection(ProjectConfigurationPlatforms) = postSolution
		{FBD9A158-6813-4F7D-86CA-2E60347F8AF2}.Debug|Any CPU.ActiveCfg = Debug|Any CPU
		{FBD9A158-6813-4F7D-86CA-2E60347F8AF2}.Debug|Any CPU.Build.0 = Debug|Any CPU
		{FBD9A158-6813-4F7D-86CA-2E60347F8AF2}.Release|Any CPU.ActiveCfg = Release|Any CPU
		{FBD9A158-6813-4F7D-86CA-2E60347F8AF2}.Release|Any CPU.Build.0 = Release|Any CPU
	EndGlobalSection
	GlobalSection(SolutionProperties) = preSolution
		HideSolutionNode = FALSE
	EndGlobalSection
	GlobalSection(ExtensibilityGlobals) = postSolution
		SolutionGuid = {0471CDB5-C7F8-40CD-B4EE-E8A7ACBE1A01}
	EndGlobalSection
EndGlobal
